{
  "name": "teseract-matchjs",
  "version": "1.0.0",
  "lockfileVersion": 3,
  "requires": true,
  "packages": {
    "": {
      "name": "teseract-matchjs",
      "version": "1.0.0",
      "license": "MIT",
      "dependencies": {
        "teseract-matchjs": "file:"
      }
    },
    "node_modules/teseract-matchjs": {
      "resolved": "",
      "link": true
    }
  }
}
